<?xml version="1.0" encoding="utf-8"?>
<Project ToolsVersion="4.0" xmlns="http://schemas.microsoft.com/developer/msbuild/2003">
  <ItemGroup>
    <Filter Include="Source Files">
      <UniqueIdentifier>{4FC737F1-C7A5-4376-A066-2A32D752A2FF}</UniqueIdentifier>
      <Extensions>cpp;c;cc;cxx;c++;cppm;ixx;def;odl;idl;hpj;bat;asm;asmx</Extensions>
    </Filter>
    <Filter Include="Header Files">
      <UniqueIdentifier>{93995380-89BD-4b04-88EB-625FBE52EBFB}</UniqueIdentifier>
      <Extensions>h;hh;hpp;hxx;h++;hm;inl;inc;ipp;xsd</Extensions>
    </Filter>
    <Filter Include="Resource Files">
      <UniqueIdentifier>{67DA6AB6-F800-4c08-8B7A-83BB121AAD01}</UniqueIdentifier>
      <Extensions>rc;ico;cur;bmp;dlg;rc2;rct;bin;rgs;gif;jpg;jpeg;jpe;resx;tiff;tif;png;wav;mfcribbon-ms</Extensions>
    </Filter>
    <Filter Include="Header Files\DataModels">
      <UniqueIdentifier>{bb0abcb8-4aa1-4f6b-8adf-dd2d64f1188e}</UniqueIdentifier>
    </Filter>
    <Filter Include="Header Files\Util">
      <UniqueIdentifier>{5f2184e7-00be-4a1b-b6ca-531629b94bb6}</UniqueIdentifier>
    </Filter>
    <Filter Include="Header Files\Query">
      <UniqueIdentifier>{86d8700a-e917-4bd9-96e8-189e1b1a7030}</UniqueIdentifier>
    </Filter>
    <Filter Include="Header Files\DataModels\Component">
      <UniqueIdentifier>{f6e2dae1-77d1-44c3-b6b7-50b98264f96e}</UniqueIdentifier>
    </Filter>
    <Filter Include="Header Files\DataModels\Data">
      <UniqueIdentifier>{ca8d78de-8bfd-41db-9426-a48aa14cb287}</UniqueIdentifier>
    </Filter>
  </ItemGroup>
  <ItemGroup>
    <ClInclude Include="framework.h">
      <Filter>Header Files</Filter>
    </ClInclude>
    <ClInclude Include="APIRequest.h">
      <Filter>Header Files</Filter>
    </ClInclude>
    <ClInclude Include="APIResponse.h">
      <Filter>Header Files</Filter>
    </ClInclude>
    <ClInclude Include="ConnectedSystemsAPI.h">
      <Filter>Header Files</Filter>
    </ClInclude>
    <ClInclude Include="SystemsAPI.h">
      <Filter>Header Files</Filter>
    </ClInclude>
    <ClInclude Include="TimeUtils.h">
      <Filter>Header Files\Util</Filter>
    </ClInclude>
    <ClInclude Include="DataModels\System.h">
      <Filter>Header Files\DataModels</Filter>
    </ClInclude>
    <ClInclude Include="DataModels\SystemBuilder.h">
      <Filter>Header Files\DataModels</Filter>
    </ClInclude>
    <ClInclude Include="DataModels\Link.h">
      <Filter>Header Files\DataModels</Filter>
    </ClInclude>
    <ClInclude Include="DataModels\Properties.h">
      <Filter>Header Files\DataModels</Filter>
    </ClInclude>
    <ClInclude Include="DataModels\TimeExtent.h">
      <Filter>Header Files\DataModels</Filter>
    </ClInclude>
    <ClInclude Include="DataModels\PropertiesBuilder.h">
      <Filter>Header Files\DataModels</Filter>
    </ClInclude>
    <ClInclude Include="Query\QueryParameters.h">
      <Filter>Header Files\Query</Filter>
    </ClInclude>
    <ClInclude Include="Query\SystemsQuery.h">
      <Filter>Header Files\Query</Filter>
    </ClInclude>
    <ClInclude Include="DataModels\DataStream.h">
      <Filter>Header Files\DataModels</Filter>
    </ClInclude>
    <ClInclude Include="DataModels\ObservedProperty.h">
      <Filter>Header Files\DataModels</Filter>
    </ClInclude>
    <ClInclude Include="DataStreamsAPI.h">
      <Filter>Header Files</Filter>
    </ClInclude>
    <ClInclude Include="Query\DataStreamsQuery.h">
      <Filter>Header Files\Query</Filter>
    </ClInclude>
    <ClInclude Include="Query\DataStreamsOfSystemQuery.h">
      <Filter>Header Files\Query</Filter>
    </ClInclude>
    <ClInclude Include="DataModels\Component\DataComponent.h">
      <Filter>Header Files\DataModels\Component</Filter>
    </ClInclude>
    <ClInclude Include="DataModels\Component\Quantity.h">
      <Filter>Header Files\DataModels\Component</Filter>
    </ClInclude>
    <ClInclude Include="DataModels\ObservationSchema.h">
      <Filter>Header Files\DataModels</Filter>
    </ClInclude>
    <ClInclude Include="DataModels\Component\SimpleComponent.h">
      <Filter>Header Files\DataModels\Component</Filter>
    </ClInclude>
    <ClInclude Include="DataModels\Component\UnitOfMeasure.h">
      <Filter>Header Files\DataModels\Component</Filter>
    </ClInclude>
    <ClInclude Include="DataModels\Component\DataComponentRegistry.h">
      <Filter>Header Files\DataModels\Component</Filter>
    </ClInclude>
    <ClInclude Include="DataModels\Component\DataRecord.h">
      <Filter>Header Files\DataModels\Component</Filter>
    </ClInclude>
    <ClInclude Include="RegistryInit.h">
      <Filter>Header Files</Filter>
    </ClInclude>
    <ClInclude Include="DataModels\Component\NilValue.h">
      <Filter>Header Files\DataModels\Component</Filter>
    </ClInclude>
    <ClInclude Include="DataModels\Component\ScalarComponent.h">
      <Filter>Header Files\DataModels\Component</Filter>
    </ClInclude>
    <ClInclude Include="DataModels\Component\Text.h">
      <Filter>Header Files\DataModels\Component</Filter>
    </ClInclude>
    <ClInclude Include="DataModels\Component\Count.h">
      <Filter>Header Files\DataModels\Component</Filter>
    </ClInclude>
    <ClInclude Include="DataModels\Component\Time.h">
      <Filter>Header Files\DataModels\Component</Filter>
    </ClInclude>
    <ClInclude Include="DataModels\Component\Category.h">
      <Filter>Header Files\DataModels\Component</Filter>
    </ClInclude>
    <ClInclude Include="DataModels\Component\Boolean.h">
      <Filter>Header Files\DataModels\Component</Filter>
    </ClInclude>
    <ClInclude Include="DataModels\Component\CountRange.h">
      <Filter>Header Files\DataModels\Component</Filter>
    </ClInclude>
    <ClInclude Include="DataModels\Component\QuantityRange.h">
      <Filter>Header Files\DataModels\Component</Filter>
    </ClInclude>
    <ClInclude Include="DataModels\Component\TimeRange.h">
      <Filter>Header Files\DataModels\Component</Filter>
    </ClInclude>
    <ClInclude Include="DataModels\Component\CategoryRange.h">
      <Filter>Header Files\DataModels\Component</Filter>
    </ClInclude>
    <ClInclude Include="DataModels\Component\Vector.h">
      <Filter>Header Files\DataModels\Component</Filter>
    </ClInclude>
    <ClInclude Include="DataModels\Component\DataArray.h">
      <Filter>Header Files\DataModels\Component</Filter>
    </ClInclude>
    <ClInclude Include="DataModels\Component\DataChoice.h">
      <Filter>Header Files\DataModels\Component</Filter>
    </ClInclude>
    <ClInclude Include="Util\JsonUtils.h">
      <Filter>Header Files\Util</Filter>
    </ClInclude>
    <ClInclude Include="DataModels\DataStreamBuilder.h">
      <Filter>Header Files\DataModels</Filter>
    </ClInclude>
    <ClInclude Include="DataModels\ObservationSchemaBuilder.h">
      <Filter>Header Files\DataModels</Filter>
    </ClInclude>
    <ClInclude Include="DataModels\Component\DataComponentBuilder.h">
      <Filter>Header Files\DataModels\Component</Filter>
    </ClInclude>
    <ClInclude Include="DataModels\Component\DataRecordBuilder.h">
      <Filter>Header Files\DataModels\Component</Filter>
    </ClInclude>
    <ClInclude Include="DataModels\Component\BooleanBuilder.h">
      <Filter>Header Files\DataModels\Component</Filter>
    </ClInclude>
    <ClInclude Include="ObservationsAPI.h">
      <Filter>Header Files</Filter>
    </ClInclude>
    <ClInclude Include="DataModels\Observation.h">
      <Filter>Header Files\DataModels</Filter>
    </ClInclude>
    <ClInclude Include="DataModels\Data\DataBlock.h">
      <Filter>Header Files\DataModels\Data</Filter>
    </ClInclude>
    <ClInclude Include="DataModels\Data\DataType.h">
      <Filter>Header Files\DataModels\Data</Filter>
    </ClInclude>
    <ClInclude Include="DataModels\Data\DataBlockMixed.h">
      <Filter>Header Files\DataModels\Data</Filter>
    </ClInclude>
    <ClInclude Include="DataModels\Data\DataValue.h">
      <Filter>Header Files\DataModels\Data</Filter>
    </ClInclude>
    <ClInclude Include="DataModels\TimeInstant.h">
      <Filter>Header Files\DataModels</Filter>
    </ClInclude>
    <ClInclude Include="DataModels\ObservationBuilder.h">
      <Filter>Header Files\DataModels</Filter>
    </ClInclude>
    <ClInclude Include="Query\ObservationsQuery.h">
      <Filter>Header Files\Query</Filter>
    </ClInclude>
    <ClInclude Include="Query\ObservationsOfDataStreamQuery.h">
      <Filter>Header Files\Query</Filter>
    </ClInclude>
    <ClInclude Include="ControlStreamsAPI.h">
      <Filter>Header Files</Filter>
    </ClInclude>
    <ClInclude Include="DataModels\ControlStream.h">
      <Filter>Header Files\DataModels</Filter>
    </ClInclude>
    <ClInclude Include="DataModels\ControlledProperty.h">
      <Filter>Header Files\DataModels</Filter>
    </ClInclude>
    <ClInclude Include="DataModels\CommandSchema.h">
      <Filter>Header Files\DataModels</Filter>
    </ClInclude>
  </ItemGroup>
</Project>